
Microsoft Visual Studio Solution File, Format Version 12.00
# Visual Studio 15
VisualStudioVersion = 15.0.28010.2036
MinimumVisualStudioVersion = 10.0.40219.1
Project("{FAE04EC0-301F-11D3-BF4B-00C04F79EFBC}") = "PersonOfTheYear", "PersonOfTheYear\PersonOfTheYear.csproj", "{5F244811-7BE1-4498-93CE-35A6EB19C84E}"
EndProject
Global
	GlobalSection(SolutionConfigurationPlatforms) = preSolution
		Debug|Any CPU = Debug|Any CPU
		Release|Any CPU = Release|Any CPU
	EndGlobalSection
	GlobalSection(ProjectConfigurationPlatforms) = postSolution
		{5F244811-7BE1-4498-93CE-35A6EB19C84E}.Debug|Any CPU.ActiveCfg = Debug|Any CPU
		{5F244811-7BE1-4498-93CE-35A6EB19C84E}.Debug|Any CPU.Build.0 = Debug|Any CPU
		{5F244811-7BE1-4498-93CE-35A6EB19C84E}.Release|Any CPU.ActiveCfg = Release|Any CPU
		{5F244811-7BE1-4498-93CE-35A6EB19C84E}.Release|Any CPU.Build.0 = Release|Any CPU
	EndGlobalSection
	GlobalSection(SolutionProperties) = preSolution
		HideSolutionNode = FALSE
	EndGlobalSection
	GlobalSection(ExtensibilityGlobals) = postSolution
		SolutionGuid = {A9F375D9-C6B7-428C-A24B-D4BF8F2193B6}
	EndGlobalSection
EndGlobal
